
Microsoft Visual Studio Solution File, Format Version 12.00
# Visual Studio Version 17
VisualStudioVersion = 17.3.32901.215
MinimumVisualStudioVersion = 10.0.40219.1
Project("{FAE04EC0-301F-11D3-BF4B-00C04F79EFBC}") = "Prova de resp e gabarito com arrays", "Prova de resp e gabarito com arrays\Prova de resp e gabarito com arrays.csproj", "{B99C8F9B-B603-48CF-B642-046699845DE6}"
EndProject
Global
	GlobalSection(SolutionConfigurationPlatforms) = preSolution
		Debug|Any CPU = Debug|Any CPU
		Release|Any CPU = Release|Any CPU
	EndGlobalSection
	GlobalSection(ProjectConfigurationPlatforms) = postSolution
		{B99C8F9B-B603-48CF-B642-046699845DE6}.Debug|Any CPU.ActiveCfg = Debug|Any CPU
		{B99C8F9B-B603-48CF-B642-046699845DE6}.Debug|Any CPU.Build.0 = Debug|Any CPU
		{B99C8F9B-B603-48CF-B642-046699845DE6}.Release|Any CPU.ActiveCfg = Release|Any CPU
		{B99C8F9B-B603-48CF-B642-046699845DE6}.Release|Any CPU.Build.0 = Release|Any CPU
	EndGlobalSection
	GlobalSection(SolutionProperties) = preSolution
		HideSolutionNode = FALSE
	EndGlobalSection
	GlobalSection(ExtensibilityGlobals) = postSolution
		SolutionGuid = {80E2694D-362B-45F7-8E94-22337BE07AF9}
	EndGlobalSection
EndGlobal
