
Microsoft Visual Studio Solution File, Format Version 12.00
# Visual Studio Version 17
VisualStudioVersion = 17.3.32901.215
MinimumVisualStudioVersion = 10.0.40219.1
Project("{FAE04EC0-301F-11D3-BF4B-00C04F79EFBC}") = "eleicao 2.0 usando o for", "eleicao 2.0 usando o for\eleicao 2.0 usando o for.csproj", "{EF4A0DBD-EE35-42CF-8B1D-829F50D5F3AE}"
EndProject
Global
	GlobalSection(SolutionConfigurationPlatforms) = preSolution
		Debug|Any CPU = Debug|Any CPU
		Release|Any CPU = Release|Any CPU
	EndGlobalSection
	GlobalSection(ProjectConfigurationPlatforms) = postSolution
		{EF4A0DBD-EE35-42CF-8B1D-829F50D5F3AE}.Debug|Any CPU.ActiveCfg = Debug|Any CPU
		{EF4A0DBD-EE35-42CF-8B1D-829F50D5F3AE}.Debug|Any CPU.Build.0 = Debug|Any CPU
		{EF4A0DBD-EE35-42CF-8B1D-829F50D5F3AE}.Release|Any CPU.ActiveCfg = Release|Any CPU
		{EF4A0DBD-EE35-42CF-8B1D-829F50D5F3AE}.Release|Any CPU.Build.0 = Release|Any CPU
	EndGlobalSection
	GlobalSection(SolutionProperties) = preSolution
		HideSolutionNode = FALSE
	EndGlobalSection
	GlobalSection(ExtensibilityGlobals) = postSolution
		SolutionGuid = {303DB0E9-6CE8-452A-A029-4C6EAC33BB92}
	EndGlobalSection
EndGlobal
