
Microsoft Visual Studio Solution File, Format Version 12.00
# Visual Studio Version 17
VisualStudioVersion = 17.3.32901.215
MinimumVisualStudioVersion = 10.0.40219.1
Project("{FAE04EC0-301F-11D3-BF4B-00C04F79EFBC}") = "progressao geometrica usando o for", "progressao geometrica usando o for\progressao geometrica usando o for.csproj", "{9574E60A-D43D-497F-AC57-61BCB0C6B9DE}"
EndProject
Global
	GlobalSection(SolutionConfigurationPlatforms) = preSolution
		Debug|Any CPU = Debug|Any CPU
		Release|Any CPU = Release|Any CPU
	EndGlobalSection
	GlobalSection(ProjectConfigurationPlatforms) = postSolution
		{9574E60A-D43D-497F-AC57-61BCB0C6B9DE}.Debug|Any CPU.ActiveCfg = Debug|Any CPU
		{9574E60A-D43D-497F-AC57-61BCB0C6B9DE}.Debug|Any CPU.Build.0 = Debug|Any CPU
		{9574E60A-D43D-497F-AC57-61BCB0C6B9DE}.Release|Any CPU.ActiveCfg = Release|Any CPU
		{9574E60A-D43D-497F-AC57-61BCB0C6B9DE}.Release|Any CPU.Build.0 = Release|Any CPU
	EndGlobalSection
	GlobalSection(SolutionProperties) = preSolution
		HideSolutionNode = FALSE
	EndGlobalSection
	GlobalSection(ExtensibilityGlobals) = postSolution
		SolutionGuid = {650EEBBC-9FEB-4122-AA86-819184426CC6}
	EndGlobalSection
EndGlobal
